
Microsoft Visual Studio Solution File, Format Version 12.00
# Visual Studio Version 17
VisualStudioVersion = 17.3.32901.215
MinimumVisualStudioVersion = 10.0.40219.1
Project("{FAE04EC0-301F-11D3-BF4B-00C04F79EFBC}") = "bolum2-uygulama3", "bolum2-uygulama3\bolum2-uygulama3.csproj", "{F5D4D2D7-7C59-49CE-9EB2-9973173A8667}"
EndProject
Global
	GlobalSection(SolutionConfigurationPlatforms) = preSolution
		Debug|Any CPU = Debug|Any CPU
		Release|Any CPU = Release|Any CPU
	EndGlobalSection
	GlobalSection(ProjectConfigurationPlatforms) = postSolution
		{F5D4D2D7-7C59-49CE-9EB2-9973173A8667}.Debug|Any CPU.ActiveCfg = Debug|Any CPU
		{F5D4D2D7-7C59-49CE-9EB2-9973173A8667}.Debug|Any CPU.Build.0 = Debug|Any CPU
		{F5D4D2D7-7C59-49CE-9EB2-9973173A8667}.Release|Any CPU.ActiveCfg = Release|Any CPU
		{F5D4D2D7-7C59-49CE-9EB2-9973173A8667}.Release|Any CPU.Build.0 = Release|Any CPU
	EndGlobalSection
	GlobalSection(SolutionProperties) = preSolution
		HideSolutionNode = FALSE
	EndGlobalSection
	GlobalSection(ExtensibilityGlobals) = postSolution
		SolutionGuid = {1B609FCB-6F15-4E3A-A7A2-CC145E0FFC32}
	EndGlobalSection
EndGlobal
